// !$*UTF8*$!
{
	archiveVersion = 1;
	classes = {
	};
	objectVersion = 46;
	objects = {

/* Begin PBXBuildFile section */
		10D319481F37F17700F778D6 /* AppDelegate.swift in Sources */ = {isa = PBXBuildFile; fileRef = 10D319471F37F17700F778D6 /* AppDelegate.swift */; };
		10D3194A1F37F17700F778D6 /* ViewController.swift in Sources */ = {isa = PBXBuildFile; fileRef = 10D319491F37F17700F778D6 /* ViewController.swift */; };
		10D3194D1F37F17700F778D6 /* Main.storyboard in Resources */ = {isa = PBXBuildFile; fileRef = 10D3194B1F37F17700F778D6 /* Main.storyboard */; };
		10D3194F1F37F17700F778D6 /* Assets.xcassets in Resources */ = {isa = PBXBuildFile; fileRef = 10D3194E1F37F17700F778D6 /* Assets.xcassets */; };
		10D319521F37F17700F778D6 /* LaunchScreen.storyboard in Resources */ = {isa = PBXBuildFile; fileRef = 10D319501F37F17700F778D6 /* LaunchScreen.storyboard */; };
/* End PBXBuildFile section */

/* Begin PBXFileReference section */
		10D319441F37F17700F778D6 /* DevSocial.app */ = {isa = PBXFileReference; explicitFileType = wrapper.application; includeInIndex = 0; path = DevSocial.app; sourceTree = BUILT_PRODUCTS_DIR; };
		10D319471F37F17700F778D6 /* AppDelegate.swift */ = {isa = PBXFileReference; lastKnownFileType = sourcecode.swift; path = AppDelegate.swift; sourceTree = "<group>"; };
		10D319491F37F17700F778D6 /* ViewController.swift */ = {isa = PBXFileReference; lastKnownFileType = sourcecode.swift; path = ViewController.swift; sourceTree = "<group>"; };
		10D3194C1F37F17700F778D6 /* Base */ = {isa = PBXFileReference; lastKnownFileType = file.storyboard; name = Base; path = Base.lproj/Main.storyboard; sourceTree = "<group>"; };
		10D3194E1F37F17700F778D6 /* Assets.xcassets */ = {isa = PBXFileReference; lastKnownFileType = folder.assetcatalog; path = Assets.xcassets; sourceTree = "<group>"; };
		10D319511F37F17700F778D6 /* Base */ = {isa = PBXFileReference; lastKnownFileType = file.storyboard; name = Base; path = Base.lproj/LaunchScreen.storyboard; sourceTree = "<group>"; };
		10D319531F37F17700F778D6 /* Info.plist */ = {isa = PBXFileReference; lastKnownFileType = text.plist.xml; path = Info.plist; sourceTree = "<group>"; };
/* End PBXFileReference section */

/* Begin PBXFrameworksBuildPhase section */
		10D319411F37F17700F778D6 /* Frameworks */ = {
			isa = PBXFrameworksBuildPhase;
			buildActionMask = 2147483647;
			files = (
			);
			runOnlyForDeploymentPostprocessing = 0;
		};
/* End PBXFrameworksBuildPhase section */

/* Begin PBXGroup section */
		10D3193B1F37F17700F778D6 = {
			isa = PBXGroup;
			children = (
				10D319461F37F17700F778D6 /* DevSocial */,
				10D319451F37F17700F778D6 /* Products */,
			);
			sourceTree = "<group>";
		};
		10D319451F37F17700F778D6 /* Products */ = {
			isa = PBXGroup;
			children = (
				10D319441F37F17700F778D6 /* DevSocial.app */,
			);
			name = Products;
			sourceTree = "<group>";
		};
		10D319461F37F17700F778D6 /* DevSocial */ = {
			isa = PBXGroup;
			children = (
				10D319471F37F17700F778D6 /* AppDelegate.swift */,
				10D319491F37F17700F778D6 /* ViewController.swift */,
				10D3194B1F37F17700F778D6 /* Main.storyboard */,
				10D3194E1F37F17700F778D6 /* Assets.xcassets */,
				10D319501F37F17700F778D6 /* LaunchScreen.storyboard */,
				10D319531F37F17700F778D6 /* Info.plist */,
			);
			path = DevSocial;
			sourceTree = "<group>";
		};
/* End PBXGroup section */

/* Begin PBXNativeTarget section */
		10D319431F37F17700F778D6 /* DevSocial */ = {
			isa = PBXNativeTarget;
			buildConfigurationList = 10D319561F37F17700F778D6 /* Build configuration list for PBXNativeTarget "DevSocial" */;
			buildPhases = (
				10D319401F37F17700F778D6 /* Sources */,
				10D319411F37F17700F778D6 /* Frameworks */,
				10D319421F37F17700F778D6 /* Resources */,
			);
			buildRules = (
			);
			dependencies = (
			);
			name = DevSocial;
			productName = DevSocial;
			productReference = 10D319441F37F17700F778D6 /* DevSocial.app */;
			productType = "com.apple.product-type.application";
		};
/* End PBXNativeTarget section */

/* Begin PBXProject section */
		10D3193C1F37F17700F778D6 /* Project object */ = {
			isa = PBXProject;
			attributes = {
				LastSwiftUpdateCheck = 0830;
				LastUpgradeCheck = 0830;
				ORGANIZATIONNAME = Sheepware;
				TargetAttributes = {
					10D319431F37F17700F778D6 = {
						CreatedOnToolsVersion = 8.3.3;
						DevelopmentTeam = 75DE4KA4WT;
						ProvisioningStyle = Automatic;
					};
				};
			};
			buildConfigurationList = 10D3193F1F37F17700F778D6 /* Build configuration list for PBXProject "DevSocial" */;
			compatibilityVersion = "Xcode 3.2";
			developmentRegion = English;
			hasScannedForEncodings = 0;
			knownRegions = (
				en,
				Base,
			);
			mainGroup = 10D3193B1F37F17700F778D6;
			productRefGroup = 10D319451F37F17700F778D6 /* Products */;
			projectDirPath = "";
			projectRoot = "";
			targets = (
				10D319431F37F17700F778D6 /* DevSocial */,
			);
		};
/* End PBXProject section */

/* Begin PBXResourcesBuildPhase section */
		10D319421F37F17700F778D6 /* Resources */ = {
			isa = PBXResourcesBuildPhase;
			buildActionMask = 2147483647;
			files = (
				10D319521F37F17700F778D6 /* LaunchScreen.storyboard in Resources */,
				10D3194F1F37F17700F778D6 /* Assets.xcassets in Resources */,
				10D3194D1F37F17700F778D6 /* Main.storyboard in Resources */,
			);
			runOnlyForDeploymentPostprocessing = 0;
		};
/* End PBXResourcesBuildPhase section */

/* Begin PBXSourcesBuildPhase section */
		10D319401F37F17700F778D6 /* Sources */ = {
			isa = PBXSourcesBuildPhase;
			buildActionMask = 2147483647;
			files = (
				10D3194A1F37F17700F778D6 /* ViewController.swift in Sources */,
				10D319481F37F17700F778D6 /* AppDelegate.swift in Sources */,
			);
			runOnlyForDeploymentPostprocessing = 0;
		};
/* End PBXSourcesBuildPhase section */

/* Begin PBXVariantGroup section */
		10D3194B1F37F17700F778D6 /* Main.storyboard */ = {
			isa = PBXVariantGroup;
			children = (
				10D3194C1F37F17700F778D6 /* Base */,
			);
			name = Main.storyboard;
			sourceTree = "<group>";
		};
		10D319501F37F17700F778D6 /* LaunchScreen.storyboard */ = {
			isa = PBXVariantGroup;
			children = (
				10D319511F37F17700F778D6 /* Base */,
			);
			name = LaunchScreen.storyboard;
			sourceTree = "<group>";
		};
/* End PBXVariantGroup section */

/* Begin XCBuildConfiguration section */
		10D319541F37F17700F778D6 /* Debug */ = {
			isa = XCBuildConfiguration;
			buildSettings = {
				ALWAYS_SEARCH_USER_PATHS = NO;
				CLANG_ANALYZER_NONNULL = YES;
				CLANG_ANALYZER_NUMBER_OBJECT_CONVERSION = YES_AGGRESSIVE;
				CLANG_CXX_LANGUAGE_STANDARD = "gnu++0x";
				CLANG_CXX_LIBRARY = "libc++";
				CLANG_ENABLE_MODULES = YES;
				CLANG_ENABLE_OBJC_ARC = YES;
				CLANG_WARN_BOOL_CONVERSION = YES;
				CLANG_WARN_CONSTANT_CONVERSION = YES;
				CLANG_WARN_DIRECT_OBJC_ISA_USAGE = YES_ERROR;
				CLANG_WARN_DOCUMENTATION_COMMENTS = YES;
				CLANG_WARN_EMPTY_BODY = YES;
				CLANG_WARN_ENUM_CONVERSION = YES;
				CLANG_WARN_INFINITE_RECURSION = YES;
				CLANG_WARN_INT_CONVERSION = YES;
				CLANG_WARN_OBJC_ROOT_CLASS = YES_ERROR;
				CLANG_WARN_SUSPICIOUS_MOVE = YES;
				CLANG_WARN_UNREACHABLE_CODE = YES;
				CLANG_WARN__DUPLICATE_METHOD_MATCH = YES;
				"CODE_SIGN_IDENTITY[sdk=iphoneos*]" = "iPhone Developer";
				COPY_PHASE_STRIP = NO;
				DEBUG_INFORMATION_FORMAT = dwarf;
				ENABLE_STRICT_OBJC_MSGSEND = YES;
				ENABLE_TESTABILITY = YES;
				GCC_C_LANGUAGE_STANDARD = gnu99;
				GCC_DYNAMIC_NO_PIC = NO;
				GCC_NO_COMMON_BLOCKS = YES;
				GCC_OPTIMIZATION_LEVEL = 0;
				GCC_PREPROCESSOR_DEFINITIONS = (
					"DEBUG=1",
					"$(inherited)",
				);
				GCC_WARN_64_TO_32_BIT_CONVERSION = YES;
				GCC_WARN_ABOUT_RETURN_TYPE = YES_ERROR;
				GCC_WARN_UNDECLARED_SELECTOR = YES;
				GCC_WARN_UNINITIALIZED_AUTOS = YES_AGGRESSIVE;
				GCC_WARN_UNUSED_FUNCTION = YES;
				GCC_WARN_UNUSED_VARIABLE = YES;
				IPHONEOS_DEPLOYMENT_TARGET = 10.3;
				MTL_ENABLE_DEBUG_INFO = YES;
				ONLY_ACTIVE_ARCH = YES;
				SDKROOT = iphoneos;
				SWIFT_ACTIVE_COMPILATION_CONDITIONS = DEBUG;
				SWIFT_OPTIMIZATION_LEVEL = "-Onone";
			};
			name = Debug;
		};
		10D319551F37F17700F778D6 /* Release */ = {
			isa = XCBuildConfiguration;
			buildSettings = {
				ALWAYS_SEARCH_USER_PATHS = NO;
				CLANG_ANALYZER_NONNULL = YES;
				CLANG_ANALYZER_NUMBER_OBJECT_CONVERSION = YES_AGGRESSIVE;
				CLANG_CXX_LANGUAGE_STANDARD = "gnu++0x";
				CLANG_CXX_LIBRARY = "libc++";
				CLANG_ENABLE_MODULES = YES;
				CLANG_ENABLE_OBJC_ARC = YES;
				CLANG_WARN_BOOL_CONVERSION = YES;
				CLANG_WARN_CONSTANT_CONVERSION = YES;
				CLANG_WARN_DIRECT_OBJC_ISA_USAGE = YES_ERROR;
				CLANG_WARN_DOCUMENTATION_COMMENTS = YES;
				CLANG_WARN_EMPTY_BODY = YES;
				CLANG_WARN_ENUM_CONVERSION = YES;
				CLANG_WARN_INFINITE_RECURSION = YES;
				CLANG_WARN_INT_CONVERSION = YES;
				CLANG_WARN_OBJC_ROOT_CLASS = YES_ERROR;
				CLANG_WARN_SUSPICIOUS_MOVE = YES;
				CLANG_WARN_UNREACHABLE_CODE = YES;
				CLANG_WARN__DUPLICATE_METHOD_MATCH = YES;
				"CODE_SIGN_IDENTITY[sdk=iphoneos*]" = "iPhone Developer";
				COPY_PHASE_STRIP = NO;
				DEBUG_INFORMATION_FORMAT = "dwarf-with-dsym";
				ENABLE_NS_ASSERTIONS = NO;
				ENABLE_STRICT_OBJC_MSGSEND = YES;
				GCC_C_LANGUAGE_STANDARD = gnu99;
				GCC_NO_COMMON_BLOCKS = YES;
				GCC_WARN_64_TO_32_BIT_CONVERSION = YES;
				GCC_WARN_ABOUT_RETURN_TYPE = YES_ERROR;
				GCC_WARN_UNDECLARED_SELECTOR = YES;
				GCC_WARN_UNINITIALIZED_AUTOS = YES_AGGRESSIVE;
				GCC_WARN_UNUSED_FUNCTION = YES;
				GCC_WARN_UNUSED_VARIABLE = YES;
				IPHONEOS_DEPLOYMENT_TARGET = 10.3;
				MTL_ENABLE_DEBUG_INFO = NO;
				SDKROOT = iphoneos;
				SWIFT_OPTIMIZATION_LEVEL = "-Owholemodule";
				VALIDATE_PRODUCT = YES;
			};
			name = Release;
		};
		10D319571F37F17700F778D6 /* Debug */ = {
			isa = XCBuildConfiguration;
			buildSettings = {
				ASSETCATALOG_COMPILER_APPICON_NAME = AppIcon;
				DEVELOPMENT_TEAM = 75DE4KA4WT;
				INFOPLIST_FILE = DevSocial/Info.plist;
				LD_RUNPATH_SEARCH_PATHS = "$(inherited) @executable_path/Frameworks";
				PRODUCT_BUNDLE_IDENTIFIER = com.sheepware.DevSocial;
				PRODUCT_NAME = "$(TARGET_NAME)";
				SWIFT_VERSION = 3.0;
			};
			name = Debug;
		};
		10D319581F37F17700F778D6 /* Release */ = {
			isa = XCBuildConfiguration;
			buildSettings = {
				ASSETCATALOG_COMPILER_APPICON_NAME = AppIcon;
				DEVELOPMENT_TEAM = 75DE4KA4WT;
				INFOPLIST_FILE = DevSocial/Info.plist;
				LD_RUNPATH_SEARCH_PATHS = "$(inherited) @executable_path/Frameworks";
				PRODUCT_BUNDLE_IDENTIFIER = com.sheepware.DevSocial;
				PRODUCT_NAME = "$(TARGET_NAME)";
				SWIFT_VERSION = 3.0;
			};
			name = Release;
		};
/* End XCBuildConfiguration section */

/* Begin XCConfigurationList section */
		10D3193F1F37F17700F778D6 /* Build configuration list for PBXProject "DevSocial" */ = {
			isa = XCConfigurationList;
			buildConfigurations = (
				10D319541F37F17700F778D6 /* Debug */,
				10D319551F37F17700F778D6 /* Release */,
			);
			defaultConfigurationIsVisible = 0;
			defaultConfigurationName = Release;
		};
		10D319561F37F17700F778D6 /* Build configuration list for PBXNativeTarget "DevSocial" */ = {
			isa = XCConfigurationList;
			buildConfigurations = (
				10D319571F37F17700F778D6 /* Debug */,
				10D319581F37F17700F778D6 /* Release */,
			);
			defaultConfigurationIsVisible = 0;
		};
/* End XCConfigurationList section */
	};
	rootObject = 10D3193C1F37F17700F778D6 /* Project object */;
}
